
Microsoft Visual Studio Solution File, Format Version 12.00
# Visual Studio Version 17
VisualStudioVersion = 17.14.36414.22 d17.14
MinimumVisualStudioVersion = 10.0.40219.1
Project("{FAE04EC0-301F-11D3-BF4B-00C04F79EFBC}") = "pryDelgadoFabricaFiat", "pryDelgadoFabricaFiat.csproj", "{31F3B9A4-E60D-41AD-B6C9-65791789594F}"
EndProject
Global
	GlobalSection(SolutionConfigurationPlatforms) = preSolution
		Debug|Any CPU = Debug|Any CPU
		Release|Any CPU = Release|Any CPU
	EndGlobalSection
	GlobalSection(ProjectConfigurationPlatforms) = postSolution
		{31F3B9A4-E60D-41AD-B6C9-65791789594F}.Debug|Any CPU.ActiveCfg = Debug|Any CPU
		{31F3B9A4-E60D-41AD-B6C9-65791789594F}.Debug|Any CPU.Build.0 = Debug|Any CPU
		{31F3B9A4-E60D-41AD-B6C9-65791789594F}.Release|Any CPU.ActiveCfg = Release|Any CPU
		{31F3B9A4-E60D-41AD-B6C9-65791789594F}.Release|Any CPU.Build.0 = Release|Any CPU
	EndGlobalSection
	GlobalSection(SolutionProperties) = preSolution
		HideSolutionNode = FALSE
	EndGlobalSection
	GlobalSection(ExtensibilityGlobals) = postSolution
		SolutionGuid = {96E983BB-D153-427E-8BA4-4FCA3190CD08}
	EndGlobalSection
EndGlobal
